
Microsoft Visual Studio Solution File, Format Version 12.00
# Visual Studio Version 17
VisualStudioVersion = 17.0.31903.59
MinimumVisualStudioVersion = 10.0.40219.1
Project("{2150E333-8FDC-42A3-9474-1A3956D46DE8}") = "src", "src", "{827E0CD3-B72D-47B6-A68D-7590B98EB39B}"
EndProject
Project("{FAE04EC0-301F-11D3-BF4B-00C04F79EFBC}") = "MoonOps.Api", "src\MoonOps.Api\MoonOps.Api.csproj", "{DDB036A4-C09E-4928-BDD5-B50066BA9C98}"
EndProject
Project("{FAE04EC0-301F-11D3-BF4B-00C04F79EFBC}") = "MoonOps.Domain", "src\MoonOps.Domain\MoonOps.Domain.csproj", "{B1A97457-E5B9-47F9-8ACB-6E1A8E2751A6}"
EndProject
Project("{FAE04EC0-301F-11D3-BF4B-00C04F79EFBC}") = "MoonOps.Application", "src\MoonOps.Application\MoonOps.Application.csproj", "{52145A48-8FB7-40CD-B460-50C30220165D}"
EndProject
Project("{FAE04EC0-301F-11D3-BF4B-00C04F79EFBC}") = "MoonOps.Infrastructure", "src\MoonOps.Infrastructure\MoonOps.Infrastructure.csproj", "{07650950-BA74-424B-A93F-0714E0A22C9B}"
EndProject
Project("{2150E333-8FDC-42A3-9474-1A3956D46DE8}") = "tests", "tests", "{0AB3BF05-4346-4AA6-1389-037BE0695223}"
EndProject
Project("{FAE04EC0-301F-11D3-BF4B-00C04F79EFBC}") = "MoonOps.Tests", "tests\MoonOps.Tests\MoonOps.Tests.csproj", "{2F8BFE18-C373-49CF-B42C-7A937AA3501B}"
EndProject
Global
	GlobalSection(SolutionConfigurationPlatforms) = preSolution
		Debug|Any CPU = Debug|Any CPU
		Debug|x64 = Debug|x64
		Debug|x86 = Debug|x86
		Release|Any CPU = Release|Any CPU
		Release|x64 = Release|x64
		Release|x86 = Release|x86
	EndGlobalSection
	GlobalSection(ProjectConfigurationPlatforms) = postSolution
		{DDB036A4-C09E-4928-BDD5-B50066BA9C98}.Debug|Any CPU.ActiveCfg = Debug|Any CPU
		{DDB036A4-C09E-4928-BDD5-B50066BA9C98}.Debug|Any CPU.Build.0 = Debug|Any CPU
		{DDB036A4-C09E-4928-BDD5-B50066BA9C98}.Debug|x64.ActiveCfg = Debug|Any CPU
		{DDB036A4-C09E-4928-BDD5-B50066BA9C98}.Debug|x64.Build.0 = Debug|Any CPU
		{DDB036A4-C09E-4928-BDD5-B50066BA9C98}.Debug|x86.ActiveCfg = Debug|Any CPU
		{DDB036A4-C09E-4928-BDD5-B50066BA9C98}.Debug|x86.Build.0 = Debug|Any CPU
		{DDB036A4-C09E-4928-BDD5-B50066BA9C98}.Release|Any CPU.ActiveCfg = Release|Any CPU
		{DDB036A4-C09E-4928-BDD5-B50066BA9C98}.Release|Any CPU.Build.0 = Release|Any CPU
		{DDB036A4-C09E-4928-BDD5-B50066BA9C98}.Release|x64.ActiveCfg = Release|Any CPU
		{DDB036A4-C09E-4928-BDD5-B50066BA9C98}.Release|x64.Build.0 = Release|Any CPU
		{DDB036A4-C09E-4928-BDD5-B50066BA9C98}.Release|x86.ActiveCfg = Release|Any CPU
		{DDB036A4-C09E-4928-BDD5-B50066BA9C98}.Release|x86.Build.0 = Release|Any CPU
		{B1A97457-E5B9-47F9-8ACB-6E1A8E2751A6}.Debug|Any CPU.ActiveCfg = Debug|Any CPU
		{B1A97457-E5B9-47F9-8ACB-6E1A8E2751A6}.Debug|Any CPU.Build.0 = Debug|Any CPU
		{B1A97457-E5B9-47F9-8ACB-6E1A8E2751A6}.Debug|x64.ActiveCfg = Debug|Any CPU
		{B1A97457-E5B9-47F9-8ACB-6E1A8E2751A6}.Debug|x64.Build.0 = Debug|Any CPU
		{B1A97457-E5B9-47F9-8ACB-6E1A8E2751A6}.Debug|x86.ActiveCfg = Debug|Any CPU
		{B1A97457-E5B9-47F9-8ACB-6E1A8E2751A6}.Debug|x86.Build.0 = Debug|Any CPU
		{B1A97457-E5B9-47F9-8ACB-6E1A8E2751A6}.Release|Any CPU.ActiveCfg = Release|Any CPU
		{B1A97457-E5B9-47F9-8ACB-6E1A8E2751A6}.Release|Any CPU.Build.0 = Release|Any CPU
		{B1A97457-E5B9-47F9-8ACB-6E1A8E2751A6}.Release|x64.ActiveCfg = Release|Any CPU
		{B1A97457-E5B9-47F9-8ACB-6E1A8E2751A6}.Release|x64.Build.0 = Release|Any CPU
		{B1A97457-E5B9-47F9-8ACB-6E1A8E2751A6}.Release|x86.ActiveCfg = Release|Any CPU
		{B1A97457-E5B9-47F9-8ACB-6E1A8E2751A6}.Release|x86.Build.0 = Release|Any CPU
		{52145A48-8FB7-40CD-B460-50C30220165D}.Debug|Any CPU.ActiveCfg = Debug|Any CPU
		{52145A48-8FB7-40CD-B460-50C30220165D}.Debug|Any CPU.Build.0 = Debug|Any CPU
		{52145A48-8FB7-40CD-B460-50C30220165D}.Debug|x64.ActiveCfg = Debug|Any CPU
		{52145A48-8FB7-40CD-B460-50C30220165D}.Debug|x64.Build.0 = Debug|Any CPU
		{52145A48-8FB7-40CD-B460-50C30220165D}.Debug|x86.ActiveCfg = Debug|Any CPU
		{52145A48-8FB7-40CD-B460-50C30220165D}.Debug|x86.Build.0 = Debug|Any CPU
		{52145A48-8FB7-40CD-B460-50C30220165D}.Release|Any CPU.ActiveCfg = Release|Any CPU
		{52145A48-8FB7-40CD-B460-50C30220165D}.Release|Any CPU.Build.0 = Release|Any CPU
		{52145A48-8FB7-40CD-B460-50C30220165D}.Release|x64.ActiveCfg = Release|Any CPU
		{52145A48-8FB7-40CD-B460-50C30220165D}.Release|x64.Build.0 = Release|Any CPU
		{52145A48-8FB7-40CD-B460-50C30220165D}.Release|x86.ActiveCfg = Release|Any CPU
		{52145A48-8FB7-40CD-B460-50C30220165D}.Release|x86.Build.0 = Release|Any CPU
		{07650950-BA74-424B-A93F-0714E0A22C9B}.Debug|Any CPU.ActiveCfg = Debug|Any CPU
		{07650950-BA74-424B-A93F-0714E0A22C9B}.Debug|Any CPU.Build.0 = Debug|Any CPU
		{07650950-BA74-424B-A93F-0714E0A22C9B}.Debug|x64.ActiveCfg = Debug|Any CPU
		{07650950-BA74-424B-A93F-0714E0A22C9B}.Debug|x64.Build.0 = Debug|Any CPU
		{07650950-BA74-424B-A93F-0714E0A22C9B}.Debug|x86.ActiveCfg = Debug|Any CPU
		{07650950-BA74-424B-A93F-0714E0A22C9B}.Debug|x86.Build.0 = Debug|Any CPU
		{07650950-BA74-424B-A93F-0714E0A22C9B}.Release|Any CPU.ActiveCfg = Release|Any CPU
		{07650950-BA74-424B-A93F-0714E0A22C9B}.Release|Any CPU.Build.0 = Release|Any CPU
		{07650950-BA74-424B-A93F-0714E0A22C9B}.Release|x64.ActiveCfg = Release|Any CPU
		{07650950-BA74-424B-A93F-0714E0A22C9B}.Release|x64.Build.0 = Release|Any CPU
		{07650950-BA74-424B-A93F-0714E0A22C9B}.Release|x86.ActiveCfg = Release|Any CPU
		{07650950-BA74-424B-A93F-0714E0A22C9B}.Release|x86.Build.0 = Release|Any CPU
		{2F8BFE18-C373-49CF-B42C-7A937AA3501B}.Debug|Any CPU.ActiveCfg = Debug|Any CPU
		{2F8BFE18-C373-49CF-B42C-7A937AA3501B}.Debug|Any CPU.Build.0 = Debug|Any CPU
		{2F8BFE18-C373-49CF-B42C-7A937AA3501B}.Debug|x64.ActiveCfg = Debug|Any CPU
		{2F8BFE18-C373-49CF-B42C-7A937AA3501B}.Debug|x64.Build.0 = Debug|Any CPU
		{2F8BFE18-C373-49CF-B42C-7A937AA3501B}.Debug|x86.ActiveCfg = Debug|Any CPU
		{2F8BFE18-C373-49CF-B42C-7A937AA3501B}.Debug|x86.Build.0 = Debug|Any CPU
		{2F8BFE18-C373-49CF-B42C-7A937AA3501B}.Release|Any CPU.ActiveCfg = Release|Any CPU
		{2F8BFE18-C373-49CF-B42C-7A937AA3501B}.Release|Any CPU.Build.0 = Release|Any CPU
		{2F8BFE18-C373-49CF-B42C-7A937AA3501B}.Release|x64.ActiveCfg = Release|Any CPU
		{2F8BFE18-C373-49CF-B42C-7A937AA3501B}.Release|x64.Build.0 = Release|Any CPU
		{2F8BFE18-C373-49CF-B42C-7A937AA3501B}.Release|x86.ActiveCfg = Release|Any CPU
		{2F8BFE18-C373-49CF-B42C-7A937AA3501B}.Release|x86.Build.0 = Release|Any CPU
	EndGlobalSection
	GlobalSection(SolutionProperties) = preSolution
		HideSolutionNode = FALSE
	EndGlobalSection
	GlobalSection(NestedProjects) = preSolution
		{DDB036A4-C09E-4928-BDD5-B50066BA9C98} = {827E0CD3-B72D-47B6-A68D-7590B98EB39B}
		{B1A97457-E5B9-47F9-8ACB-6E1A8E2751A6} = {827E0CD3-B72D-47B6-A68D-7590B98EB39B}
		{52145A48-8FB7-40CD-B460-50C30220165D} = {827E0CD3-B72D-47B6-A68D-7590B98EB39B}
		{07650950-BA74-424B-A93F-0714E0A22C9B} = {827E0CD3-B72D-47B6-A68D-7590B98EB39B}
		{2F8BFE18-C373-49CF-B42C-7A937AA3501B} = {0AB3BF05-4346-4AA6-1389-037BE0695223}
	EndGlobalSection
EndGlobal
